<?xml version="1.0" encoding="utf-8"?>
<Project ToolsVersion="4.0" xmlns="http://schemas.microsoft.com/developer/msbuild/2003">
  <ItemGroup>
    <Filter Include="source">
      <UniqueIdentifier>{cda9c8e0-eb60-417a-a8b7-68bec43c75ed}</UniqueIdentifier>
    </Filter>
    <Filter Include="resource">
      <UniqueIdentifier>{975eecce-d970-41fd-9706-8e16a1a0c8fe}</UniqueIdentifier>
    </Filter>
    <Filter Include="interface">
      <UniqueIdentifier>{c330f462-189f-4b08-b890-e2f86c80268f}</UniqueIdentifier>
    </Filter>
  </ItemGroup>
  <ItemGroup>
    <ClCompile Include="..\..\src\plugins\mainframe\module.cpp">
      <Filter>source</Filter>
    </ClCompile>
    <ClCompile Include="..\..\src\plugins\mainframe\mainframe.cpp">
      <Filter>source</Filter>
    </ClCompile>
    <ClCompile Include="..\..\src\plugins\mainframe\mainframewnd.cpp">
      <Filter>source</Filter>
    </ClCompile>
    <ClCompile Include="..\..\src\plugins\mainframe\childfrm.cpp">
      <Filter>source</Filter>
    </ClCompile>
    <ClCompile Include="..\..\src\plugins\mainframe\mainframedoc.cpp">
      <Filter>source</Filter>
    </ClCompile>
    <ClCompile Include="..\..\src\plugins\mainframe\mainframeview.cpp">
      <Filter>source</Filter>
    </ClCompile>
  </ItemGroup>
  <ItemGroup>
    <ClInclude Include="..\..\src\plugins\mainframe\mainframe.h">
      <Filter>source</Filter>
    </ClInclude>
    <ClInclude Include="..\..\src\plugins\mainframe\mainframewnd.h">
      <Filter>source</Filter>
    </ClInclude>
    <ClInclude Include="..\..\src\plugins\mainframe\resource.h">
      <Filter>resource</Filter>
    </ClInclude>
    <ClInclude Include="..\..\src\plugins\mainframe\childfrm.h">
      <Filter>source</Filter>
    </ClInclude>
    <ClInclude Include="..\..\src\plugins\mainframe\mainframedoc.h">
      <Filter>source</Filter>
    </ClInclude>
    <ClInclude Include="..\..\src\plugins\mainframe\mainframeview.h">
      <Filter>source</Filter>
    </ClInclude>
    <ClInclude Include="..\..\include\plugins\mainframe\imainframe.h">
      <Filter>interface</Filter>
    </ClInclude>
  </ItemGroup>
  <ItemGroup>
    <Image Include="..\..\src\plugins\mainframe\app.ico">
      <Filter>resource</Filter>
    </Image>
    <Image Include="..\..\src\plugins\mainframe\doc.ico">
      <Filter>resource</Filter>
    </Image>
  </ItemGroup>
  <ItemGroup>
    <ResourceCompile Include="..\..\src\plugins\mainframe\app.rc">
      <Filter>resource</Filter>
    </ResourceCompile>
  </ItemGroup>
</Project>