<?xml version="1.0" encoding="utf-8"?>
<Project ToolsVersion="4.0" xmlns="http://schemas.microsoft.com/developer/msbuild/2003">
  <ItemGroup>
    <Filter Include="loader">
      <UniqueIdentifier>{93995380-89BD-4b04-88EB-625FBE52EBFB}</UniqueIdentifier>
      <Extensions>h;hpp;hxx;hm;inl;inc;xsd</Extensions>
    </Filter>
    <Filter Include="frame">
      <UniqueIdentifier>{4FC737F1-C7A5-4376-A066-2A32D752A2FF}</UniqueIdentifier>
      <Extensions>cpp;c;cc;cxx;def;odl;idl;hpj;bat;asm;asmx</Extensions>
    </Filter>
    <Filter Include="resource">
      <UniqueIdentifier>{67DA6AB6-F800-4c08-8B7A-83BB121AAD01}</UniqueIdentifier>
      <Extensions>rc;ico;cur;bmp;dlg;rc2;rct;bin;rgs;gif;jpg;jpeg;jpe;resx;tiff;tif;png;wav;mfcribbon-ms</Extensions>
    </Filter>
  </ItemGroup>
  <ItemGroup>
    <ClCompile Include="..\..\src\loader\stdafx.cpp">
      <Filter>frame</Filter>
    </ClCompile>
    <ClCompile Include="..\..\src\loader\app.cpp">
      <Filter>loader</Filter>
    </ClCompile>
    <ClCompile Include="..\..\src\loader\childfrm.cpp">
      <Filter>frame</Filter>
    </ClCompile>
    <ClCompile Include="..\..\src\loader\cntritem.cpp">
      <Filter>frame</Filter>
    </ClCompile>
    <ClCompile Include="..\..\src\loader\mainframedoc.cpp">
      <Filter>frame</Filter>
    </ClCompile>
    <ClCompile Include="..\..\src\loader\mainframeview.cpp">
      <Filter>frame</Filter>
    </ClCompile>
    <ClCompile Include="..\..\src\loader\mainframewnd.cpp">
      <Filter>frame</Filter>
    </ClCompile>
    <ClCompile Include="..\..\src\loader\mainframe.cpp">
      <Filter>loader</Filter>
    </ClCompile>
  </ItemGroup>
  <ItemGroup>
    <ClInclude Include="..\..\src\loader\app.h">
      <Filter>frame</Filter>
    </ClInclude>
    <ClInclude Include="..\..\src\loader\stdafx.h">
      <Filter>frame</Filter>
    </ClInclude>
    <ClInclude Include="..\..\src\loader\targetver.h">
      <Filter>frame</Filter>
    </ClInclude>
    <ClInclude Include="..\..\src\loader\resource.h">
      <Filter>resource</Filter>
    </ClInclude>
    <ClInclude Include="..\..\src\loader\childfrm.h">
      <Filter>frame</Filter>
    </ClInclude>
    <ClInclude Include="..\..\src\loader\cntritem.h">
      <Filter>frame</Filter>
    </ClInclude>
    <ClInclude Include="..\..\src\loader\mainframedoc.h">
      <Filter>frame</Filter>
    </ClInclude>
    <ClInclude Include="..\..\src\loader\mainframeview.h">
      <Filter>frame</Filter>
    </ClInclude>
    <ClInclude Include="..\..\src\loader\mainframewnd.h">
      <Filter>frame</Filter>
    </ClInclude>
    <ClInclude Include="..\..\src\loader\mainframe.h">
      <Filter>loader</Filter>
    </ClInclude>
  </ItemGroup>
  <ItemGroup>
    <ResourceCompile Include="..\..\src\loader\mainframe.rc">
      <Filter>resource</Filter>
    </ResourceCompile>
  </ItemGroup>
  <ItemGroup>
    <Image Include="..\..\src\loader\res\mainframe.ico">
      <Filter>resource</Filter>
    </Image>
  </ItemGroup>
  <ItemGroup>
    <None Include="..\..\src\loader\res\mainframe.rc2">
      <Filter>resource</Filter>
    </None>
  </ItemGroup>
</Project>