<?xml version="1.0" encoding="utf-8"?>
<Project ToolsVersion="4.0" xmlns="http://schemas.microsoft.com/developer/msbuild/2003">
  <ItemGroup>
    <Filter Include="interface">
      <UniqueIdentifier>{93995380-89BD-4b04-88EB-625FBE52EBFB}</UniqueIdentifier>
      <Extensions>h;hpp;hxx;hm;inl;inc;xsd</Extensions>
    </Filter>
    <Filter Include="source">
      <UniqueIdentifier>{517625E8-3653-47B2-8F30-C4B355E1120B}</UniqueIdentifier>
      <Extensions>i</Extensions>
    </Filter>
    <Filter Include="resource">
      <UniqueIdentifier>{4FC737F1-C7A5-4376-A066-2A32D752A2FF}</UniqueIdentifier>
      <Extensions>cpp;c;cc;cxx;def;odl;idl;hpj;bat;asm;asmx</Extensions>
    </Filter>
  </ItemGroup>
  <ItemGroup>
    <ClCompile Include="..\..\src\example\viewplugintest\module.cpp">
      <Filter>source</Filter>
    </ClCompile>
    <ClCompile Include="..\..\src\example\viewplugintest\viewplugintest.cpp">
      <Filter>source</Filter>
    </ClCompile>
    <ClCompile Include="..\..\src\example\viewplugintest\viewplugintestdoc.cpp">
      <Filter>source</Filter>
    </ClCompile>
    <ClCompile Include="..\..\src\example\viewplugintest\viewplugintestview.cpp">
      <Filter>source</Filter>
    </ClCompile>
  </ItemGroup>
  <ItemGroup>
    <ClInclude Include="..\..\src\example\viewplugintest\viewplugintest.h">
      <Filter>source</Filter>
    </ClInclude>
    <ClInclude Include="..\..\include\example\viewplugintest\iviewplugintest.h">
      <Filter>interface</Filter>
    </ClInclude>
    <ClInclude Include="..\..\src\example\viewplugintest\viewplugintestdoc.h">
      <Filter>source</Filter>
    </ClInclude>
    <ClInclude Include="..\..\src\example\viewplugintest\viewplugintestview.h">
      <Filter>source</Filter>
    </ClInclude>
  </ItemGroup>
</Project>